<?xml version="1.0" encoding="utf-8"?>
<Project ToolsVersion="4.0" xmlns="http://schemas.microsoft.com/developer/msbuild/2003">
  <ItemGroup>
    <ClCompile Include="src\ofApp.cpp">
      <Filter>src</Filter>
    </ClCompile>
    <ClCompile Include="src\main.cpp">
      <Filter>src</Filter>
    </ClCompile>
    <ClCompile Include="src\main.cpp">
      <Filter>src</Filter>
    </ClCompile>
    <ClCompile Include="src\ofApp.cpp">
      <Filter>src</Filter>
    </ClCompile>
    <ClCompile Include="Chao.cpp">
      <Filter>src</Filter>
    </ClCompile>
    <ClCompile Include="Animation.cpp">
      <Filter>src</Filter>
    </ClCompile>
    <ClCompile Include="ofImageExt.cpp">
      <Filter>src</Filter>
    </ClCompile>
    <ClCompile Include="Background.cpp">
      <Filter>src</Filter>
    </ClCompile>
    <ClCompile Include="DirtPatch.cpp">
      <Filter>src</Filter>
    </ClCompile>
    <ClCompile Include="Bush.cpp">
      <Filter>src</Filter>
    </ClCompile>
  </ItemGroup>
  <ItemGroup>
    <Filter Include="src">
      <UniqueIdentifier>{d8376475-7454-4a24-b08a-aac121d3ad6f}</UniqueIdentifier>
    </Filter>
  </ItemGroup>
  <ItemGroup>
    <ClInclude Include="src\ofApp.h">
      <Filter>src</Filter>
    </ClInclude>
    <ClInclude Include="src\ofApp.h">
      <Filter>src</Filter>
    </ClInclude>
    <ClInclude Include="Chao.h">
      <Filter>src</Filter>
    </ClInclude>
    <ClInclude Include="Animation.h">
      <Filter>src</Filter>
    </ClInclude>
    <ClInclude Include="ofImageExt.h">
      <Filter>src</Filter>
    </ClInclude>
    <ClInclude Include="Background.h">
      <Filter>src</Filter>
    </ClInclude>
    <ClInclude Include="DirtPatch.h">
      <Filter>src</Filter>
    </ClInclude>
    <ClInclude Include="Bush.h">
      <Filter>src</Filter>
    </ClInclude>
  </ItemGroup>
  <ItemGroup>
    <ResourceCompile Include="icon.rc" />
  </ItemGroup>
</Project>